// !$*UTF8*$!
{
	archiveVersion = 1;
	classes = {
	};
	objectVersion = 110;
	objects = {

/* Begin PBXBuildFile section */
		E656979930632AFB00FF6478 /* FirebaseAnalytics in Frameworks */ = {isa = PBXBuildFile; productRef = E656979830632AFB00FF6478 /* FirebaseAnalytics */; };
		E656979B30632AFB00FF6478 /* FirebaseAuth in Frameworks */ = {isa = PBXBuildFile; productRef = E656979A30632AFB00FF6478 /* FirebaseAuth */; };
		E656979D30632AFB00FF6478 /* FirebaseCrashlytics in Frameworks */ = {isa = PBXBuildFile; productRef = E656979C30632AFB00FF6478 /* FirebaseCrashlytics */; };
		E656979F30632AFB00FF6478 /* FirebaseFirestore in Frameworks */ = {isa = PBXBuildFile; productRef = E656979E30632AFB00FF6478 /* FirebaseFirestore */; };
		E65697A130632AFB00FF6478 /* FirebaseFunctions in Frameworks */ = {isa = PBXBuildFile; productRef = E65697A030632AFB00FF6478 /* FirebaseFunctions */; };
		E65697A330632AFB00FF6478 /* FirebaseMessaging in Frameworks */ = {isa = PBXBuildFile; productRef = E65697A230632AFB00FF6478 /* FirebaseMessaging */; };
		E65697A530632AFB00FF6478 /* FirebaseStorage in Frameworks */ = {isa = PBXBuildFile; productRef = E65697A430632AFB00FF6478 /* FirebaseStorage */; };
/* End PBXBuildFile section */

/* Begin PBXFileReference section */
		E6569689306315FE00FF6478 /* ratio.app */ = {isa = PBXFileReference; explicitFileType = wrapper.application; includeInIndex = 0; path = ratio.app; sourceTree = BUILT_PRODUCTS_DIR; };
/* End PBXFileReference section */

/* Begin PBXFileSystemSynchronizedBuildFileExceptionSet section */
		E656970000000000000000A1 /* Exceptions for "ratio" folder in "ratio" target */ = {
			isa = PBXFileSystemSynchronizedBuildFileExceptionSet;
			membershipExceptions = (
				Info.plist,
			);
			target = E6569688306315FE00FF6478 /* ratio */;
		};
/* End PBXFileSystemSynchronizedBuildFileExceptionSet section */

/* Begin PBXFileSystemSynchronizedRootGroup section */
		E656968B306315FE00FF6478 /* ratio */ = {
			isa = PBXFileSystemSynchronizedRootGroup;
			exceptions = (
				E656970000000000000000A1 /* Exceptions for "ratio" folder in "ratio" target */,
			);
			path = ratio;
			sourceTree = "<group>";
		};
/* End PBXFileSystemSynchronizedRootGroup section */

/* Begin PBXFrameworksBuildPhase section */
		E6569686306315FE00FF6478 /* Frameworks */ = {
			isa = PBXFrameworksBuildPhase;
			files = (
				E65697A330632AFB00FF6478 /* FirebaseMessaging in Frameworks */,
				E656979D30632AFB00FF6478 /* FirebaseCrashlytics in Frameworks */,
				E656979F30632AFB00FF6478 /* FirebaseFirestore in Frameworks */,
				E65697A130632AFB00FF6478 /* FirebaseFunctions in Frameworks */,
				E65697A530632AFB00FF6478 /* FirebaseStorage in Frameworks */,
				E656979930632AFB00FF6478 /* FirebaseAnalytics in Frameworks */,
				E656979B30632AFB00FF6478 /* FirebaseAuth in Frameworks */,
			);
		};
/* End PBXFrameworksBuildPhase section */

/* Begin PBXGroup section */
		E6569680306315FE00FF6478 = {
			isa = PBXGroup;
			children = (
				E656968B306315FE00FF6478 /* ratio */,
				E656968A306315FE00FF6478 /* Products */,
			);
			sourceTree = "<group>";
		};
		E656968A306315FE00FF6478 /* Products */ = {
			isa = PBXGroup;
			children = (
				E6569689306315FE00FF6478 /* ratio.app */,
			);
			name = Products;
			sourceTree = "<group>";
		};
/* End PBXGroup section */

/* Begin PBXNativeTarget section */
		E6569688306315FE00FF6478 /* ratio */ = {
			isa = PBXNativeTarget;
			buildConfigurationList = E65696943063160000FF6478 /* Build configuration list for PBXNativeTarget "ratio" */;
			buildPhases = (
				E6569685306315FE00FF6478 /* Sources */,
				E6569686306315FE00FF6478 /* Frameworks */,
				E6569687306315FE00FF6478 /* Resources */,
			);
			buildRules = (
			);
			fileSystemSynchronizedGroups = (
				E656968B306315FE00FF6478 /* ratio */,
			);
			name = ratio;
			packageProductDependencies = (
				E656979830632AFB00FF6478 /* FirebaseAnalytics */,
				E656979A30632AFB00FF6478 /* FirebaseAuth */,
				E656979C30632AFB00FF6478 /* FirebaseCrashlytics */,
				E656979E30632AFB00FF6478 /* FirebaseFirestore */,
				E65697A030632AFB00FF6478 /* FirebaseFunctions */,
				E65697A230632AFB00FF6478 /* FirebaseMessaging */,
				E65697A430632AFB00FF6478 /* FirebaseStorage */,
			);
			productName = ratio;
			productReference = E6569689306315FE00FF6478 /* ratio.app */;
			productType = "com.apple.product-type.application";
		};
/* End PBXNativeTarget section */

/* Begin PBXProject section */
		E6569681306315FE00FF6478 /* Project object */ = {
			isa = PBXProject;
			attributes = {
				BuildIndependentTargetsInParallel = 1;
				LastSwiftUpdateCheck = 2700;
				LastUpgradeCheck = 2700;
				TargetAttributes = {
					E6569688306315FE00FF6478 = {
						CreatedOnToolsVersion = 27.0;
					};
				};
			};
			buildConfigurationList = E6569684306315FE00FF6478 /* Build configuration list for PBXProject "ratio" */;
			developmentRegion = en;
			hasScannedForEncodings = 0;
			knownRegions = (
				en,
				Base,
			);
			mainGroup = E6569680306315FE00FF6478;
			minimizedProjectReferenceProxies = 1;
			packageReferences = (
				E656979730632AFB00FF6478 /* XCRemoteSwiftPackageReference "firebase-ios-sdk" */,
			);
			preferredProjectObjectVersion = 77;
			productRefGroup = E656968A306315FE00FF6478 /* Products */;
			projectDirPath = "";
			projectRoot = "";
			targets = (
				E6569688306315FE00FF6478 /* ratio */,
			);
		};
/* End PBXProject section */

/* Begin PBXResourcesBuildPhase section */
		E6569687306315FE00FF6478 /* Resources */ = {
			isa = PBXResourcesBuildPhase;
			files = (
			);
		};
/* End PBXResourcesBuildPhase section */

/* Begin PBXSourcesBuildPhase section */
		E6569685306315FE00FF6478 /* Sources */ = {
			isa = PBXSourcesBuildPhase;
			files = (
			);
		};
/* End PBXSourcesBuildPhase section */

/* Begin XCBuildConfiguration section */
		E65696923063160000FF6478 /* Debug configuration for PBXProject "ratio" */ = {
			isa = XCBuildConfiguration;
			buildSettings = {
				ALWAYS_SEARCH_USER_PATHS = NO;
				ASSETCATALOG_COMPILER_GENERATE_SWIFT_ASSET_SYMBOL_EXTENSIONS = YES;
				CLANG_ANALYZER_NONNULL = YES;
				CLANG_ANALYZER_NUMBER_OBJECT_CONVERSION = YES_AGGRESSIVE;
				CLANG_CXX_LANGUAGE_STANDARD = "gnu++20";
				CLANG_ENABLE_MODULES = YES;
				CLANG_ENABLE_OBJC_ARC = YES;
				CLANG_ENABLE_OBJC_WEAK = YES;
				CLANG_WARN_BLOCK_CAPTURE_AUTORELEASING = YES;
				CLANG_WARN_BOOL_CONVERSION = YES;
				CLANG_WARN_COMMA = YES;
				CLANG_WARN_CONSTANT_CONVERSION = YES;
				CLANG_WARN_DEPRECATED_OBJC_IMPLEMENTATIONS = YES;
				CLANG_WARN_DIRECT_OBJC_ISA_USAGE = YES_ERROR;
				CLANG_WARN_DOCUMENTATION_COMMENTS = YES;
				CLANG_WARN_EMPTY_BODY = YES;
				CLANG_WARN_ENUM_CONVERSION = YES;
				CLANG_WARN_INFINITE_RECURSION = YES;
				CLANG_WARN_INT_CONVERSION = YES;
				CLANG_WARN_NON_LITERAL_NULL_CONVERSION = YES;
				CLANG_WARN_OBJC_IMPLICIT_RETAIN_SELF = YES;
				CLANG_WARN_OBJC_LITERAL_CONVERSION = YES;
				CLANG_WARN_OBJC_ROOT_CLASS = YES_ERROR;
				CLANG_WARN_QUOTED_INCLUDE_IN_FRAMEWORK_HEADER = YES;
				CLANG_WARN_RANGE_LOOP_ANALYSIS = YES;
				CLANG_WARN_STRICT_PROTOTYPES = YES;
				CLANG_WARN_SUSPICIOUS_MOVE = YES;
				CLANG_WARN_UNGUARDED_AVAILABILITY = YES_AGGRESSIVE;
				CLANG_WARN_UNREACHABLE_CODE = YES;
				CLANG_WARN__DUPLICATE_METHOD_MATCH = YES;
				COPY_PHASE_STRIP = NO;
				DEBUG_INFORMATION_FORMAT = dwarf;
				DEVELOPMENT_TEAM = 5RP2837Y94;
				ENABLE_STRICT_OBJC_MSGSEND = YES;
				ENABLE_TESTABILITY = YES;
				ENABLE_USER_SCRIPT_SANDBOXING = YES;
				GCC_C_LANGUAGE_STANDARD = gnu17;
				GCC_DYNAMIC_NO_PIC = NO;
				GCC_NO_COMMON_BLOCKS = YES;
				GCC_OPTIMIZATION_LEVEL = 0;
				GCC_PREPROCESSOR_DEFINITIONS = (
					"DEBUG=1",
					"$(inherited)",
				);
				GCC_WARN_64_TO_32_BIT_CONVERSION = YES;
				GCC_WARN_ABOUT_RETURN_TYPE = YES_ERROR;
				GCC_WARN_UNDECLARED_SELECTOR = YES;
				GCC_WARN_UNINITIALIZED_AUTOS = YES_AGGRESSIVE;
				GCC_WARN_UNUSED_FUNCTION = YES;
				GCC_WARN_UNUSED_VARIABLE = YES;
				IPHONEOS_DEPLOYMENT_TARGET = 26.0;
				LOCALIZATION_PREFERS_STRING_CATALOGS = YES;
				MTL_ENABLE_DEBUG_INFO = INCLUDE_SOURCE;
				MTL_FAST_MATH = YES;
				ONLY_ACTIVE_ARCH = YES;
				SDKROOT = iphoneos;
				SWIFT_ACTIVE_COMPILATION_CONDITIONS = "DEBUG $(inherited)";
				SWIFT_OPTIMIZATION_LEVEL = "-Onone";
			};
			name = Debug;
		};
		E65696933063160000FF6478 /* Release configuration for PBXProject "ratio" */ = {
			isa = XCBuildConfiguration;
			buildSettings = {
				ALWAYS_SEARCH_USER_PATHS = NO;
				ASSETCATALOG_COMPILER_GENERATE_SWIFT_ASSET_SYMBOL_EXTENSIONS = YES;
				CLANG_ANALYZER_NONNULL = YES;
				CLANG_ANALYZER_NUMBER_OBJECT_CONVERSION = YES_AGGRESSIVE;
				CLANG_CXX_LANGUAGE_STANDARD = "gnu++20";
				CLANG_ENABLE_MODULES = YES;
				CLANG_ENABLE_OBJC_ARC = YES;
				CLANG_ENABLE_OBJC_WEAK = YES;
				CLANG_WARN_BLOCK_CAPTURE_AUTORELEASING = YES;
				CLANG_WARN_BOOL_CONVERSION = YES;
				CLANG_WARN_COMMA = YES;
				CLANG_WARN_CONSTANT_CONVERSION = YES;
				CLANG_WARN_DEPRECATED_OBJC_IMPLEMENTATIONS = YES;
				CLANG_WARN_DIRECT_OBJC_ISA_USAGE = YES_ERROR;
				CLANG_WARN_DOCUMENTATION_COMMENTS = YES;
				CLANG_WARN_EMPTY_BODY = YES;
				CLANG_WARN_ENUM_CONVERSION = YES;
				CLANG_WARN_INFINITE_RECURSION = YES;
				CLANG_WARN_INT_CONVERSION = YES;
				CLANG_WARN_NON_LITERAL_NULL_CONVERSION = YES;
				CLANG_WARN_OBJC_IMPLICIT_RETAIN_SELF = YES;
				CLANG_WARN_OBJC_LITERAL_CONVERSION = YES;
				CLANG_WARN_OBJC_ROOT_CLASS = YES_ERROR;
				CLANG_WARN_QUOTED_INCLUDE_IN_FRAMEWORK_HEADER = YES;
				CLANG_WARN_RANGE_LOOP_ANALYSIS = YES;
				CLANG_WARN_STRICT_PROTOTYPES = YES;
				CLANG_WARN_SUSPICIOUS_MOVE = YES;
				CLANG_WARN_UNGUARDED_AVAILABILITY = YES_AGGRESSIVE;
				CLANG_WARN_UNREACHABLE_CODE = YES;
				CLANG_WARN__DUPLICATE_METHOD_MATCH = YES;
				COPY_PHASE_STRIP = NO;
				DEBUG_INFORMATION_FORMAT = "dwarf-with-dsym";
				DEVELOPMENT_TEAM = 5RP2837Y94;
				ENABLE_NS_ASSERTIONS = NO;
				ENABLE_STRICT_OBJC_MSGSEND = YES;
				ENABLE_USER_SCRIPT_SANDBOXING = YES;
				GCC_C_LANGUAGE_STANDARD = gnu17;
				GCC_NO_COMMON_BLOCKS = YES;
				GCC_WARN_64_TO_32_BIT_CONVERSION = YES;
				GCC_WARN_ABOUT_RETURN_TYPE = YES_ERROR;
				GCC_WARN_UNDECLARED_SELECTOR = YES;
				GCC_WARN_UNINITIALIZED_AUTOS = YES_AGGRESSIVE;
				GCC_WARN_UNUSED_FUNCTION = YES;
				GCC_WARN_UNUSED_VARIABLE = YES;
				IPHONEOS_DEPLOYMENT_TARGET = 26.0;
				LOCALIZATION_PREFERS_STRING_CATALOGS = YES;
				MTL_ENABLE_DEBUG_INFO = NO;
				MTL_FAST_MATH = YES;
				SDKROOT = iphoneos;
				SWIFT_COMPILATION_MODE = wholemodule;
				VALIDATE_PRODUCT = YES;
			};
			name = Release;
		};
		E65696953063160000FF6478 /* Debug configuration for PBXNativeTarget "ratio" */ = {
			isa = XCBuildConfiguration;
			buildSettings = {
				ASSETCATALOG_COMPILER_ALTERNATE_APPICON_NAMES = "AppIcon-Parchment AppIcon-Oxblood AppIcon-Chambers AppIcon-Gold AppIcon-Green";
				ASSETCATALOG_COMPILER_APPICON_NAME = AppIcon;
				ASSETCATALOG_COMPILER_GLOBAL_ACCENT_COLOR_NAME = AccentColor;
				ASSETCATALOG_COMPILER_INCLUDE_ALL_APPICON_ASSETS = YES;
				CODE_SIGN_STYLE = Automatic;
				CURRENT_PROJECT_VERSION = 1;
				DEVELOPMENT_TEAM = 5RP2837Y94;
				ENABLE_PREVIEWS = YES;
				GENERATE_INFOPLIST_FILE = NO;
				INFOPLIST_FILE = ratio/Info.plist;
				LD_RUNPATH_SEARCH_PATHS = (
					"$(inherited)",
					"@executable_path/Frameworks",
				);
				MARKETING_VERSION = 1.0;
				PRODUCT_BUNDLE_IDENTIFIER = com.mg.ratio;
				PRODUCT_NAME = "$(TARGET_NAME)";
				STRING_CATALOG_GENERATE_SYMBOLS = YES;
				SUPPORTED_PLATFORMS = "iphoneos iphonesimulator";
				SUPPORTS_MACCATALYST = NO;
				SWIFT_APPROACHABLE_CONCURRENCY = YES;
				SWIFT_DEFAULT_ACTOR_ISOLATION = MainActor;
				SWIFT_EMIT_LOC_STRINGS = YES;
				SWIFT_UPCOMING_FEATURE_MEMBER_IMPORT_VISIBILITY = YES;
				SWIFT_VERSION = 5.0;
				TARGETED_DEVICE_FAMILY = 1;
			};
			name = Debug;
		};
		E65696963063160000FF6478 /* Release configuration for PBXNativeTarget "ratio" */ = {
			isa = XCBuildConfiguration;
			buildSettings = {
				ASSETCATALOG_COMPILER_ALTERNATE_APPICON_NAMES = "AppIcon-Parchment AppIcon-Oxblood AppIcon-Chambers AppIcon-Gold AppIcon-Green";
				ASSETCATALOG_COMPILER_APPICON_NAME = AppIcon;
				ASSETCATALOG_COMPILER_GLOBAL_ACCENT_COLOR_NAME = AccentColor;
				ASSETCATALOG_COMPILER_INCLUDE_ALL_APPICON_ASSETS = YES;
				CODE_SIGN_STYLE = Automatic;
				CURRENT_PROJECT_VERSION = 1;
				DEVELOPMENT_TEAM = 5RP2837Y94;
				ENABLE_PREVIEWS = YES;
				GENERATE_INFOPLIST_FILE = NO;
				INFOPLIST_FILE = ratio/Info.plist;
				LD_RUNPATH_SEARCH_PATHS = (
					"$(inherited)",
					"@executable_path/Frameworks",
				);
				MARKETING_VERSION = 1.0;
				PRODUCT_BUNDLE_IDENTIFIER = com.mg.ratio;
				PRODUCT_NAME = "$(TARGET_NAME)";
				STRING_CATALOG_GENERATE_SYMBOLS = YES;
				SUPPORTED_PLATFORMS = "iphoneos iphonesimulator";
				SUPPORTS_MACCATALYST = NO;
				SWIFT_APPROACHABLE_CONCURRENCY = YES;
				SWIFT_DEFAULT_ACTOR_ISOLATION = MainActor;
				SWIFT_EMIT_LOC_STRINGS = YES;
				SWIFT_UPCOMING_FEATURE_MEMBER_IMPORT_VISIBILITY = YES;
				SWIFT_VERSION = 5.0;
				TARGETED_DEVICE_FAMILY = 1;
			};
			name = Release;
		};
/* End XCBuildConfiguration section */

/* Begin XCConfigurationList section */
		E6569684306315FE00FF6478 /* Build configuration list for PBXProject "ratio" */ = {
			isa = XCConfigurationList;
			buildConfigurations = (
				E65696923063160000FF6478 /* Debug configuration for PBXProject "ratio" */,
				E65696933063160000FF6478 /* Release configuration for PBXProject "ratio" */,
			);
			defaultConfigurationName = Release;
		};
		E65696943063160000FF6478 /* Build configuration list for PBXNativeTarget "ratio" */ = {
			isa = XCConfigurationList;
			buildConfigurations = (
				E65696953063160000FF6478 /* Debug configuration for PBXNativeTarget "ratio" */,
				E65696963063160000FF6478 /* Release configuration for PBXNativeTarget "ratio" */,
			);
			defaultConfigurationName = Release;
		};
/* End XCConfigurationList section */

/* Begin XCRemoteSwiftPackageReference section */
		E656979730632AFB00FF6478 /* XCRemoteSwiftPackageReference "firebase-ios-sdk" */ = {
			isa = XCRemoteSwiftPackageReference;
			repositoryURL = "https://github.com/firebase/firebase-ios-sdk";
			requirement = {
				kind = upToNextMajorVersion;
				minimumVersion = 12.19.2;
			};
		};
/* End XCRemoteSwiftPackageReference section */

/* Begin XCSwiftPackageProductDependency section */
		E656979830632AFB00FF6478 /* FirebaseAnalytics */ = {
			isa = XCSwiftPackageProductDependency;
			package = E656979730632AFB00FF6478 /* XCRemoteSwiftPackageReference "firebase-ios-sdk" */;
			productName = FirebaseAnalytics;
		};
		E656979A30632AFB00FF6478 /* FirebaseAuth */ = {
			isa = XCSwiftPackageProductDependency;
			package = E656979730632AFB00FF6478 /* XCRemoteSwiftPackageReference "firebase-ios-sdk" */;
			productName = FirebaseAuth;
		};
		E656979C30632AFB00FF6478 /* FirebaseCrashlytics */ = {
			isa = XCSwiftPackageProductDependency;
			package = E656979730632AFB00FF6478 /* XCRemoteSwiftPackageReference "firebase-ios-sdk" */;
			productName = FirebaseCrashlytics;
		};
		E656979E30632AFB00FF6478 /* FirebaseFirestore */ = {
			isa = XCSwiftPackageProductDependency;
			package = E656979730632AFB00FF6478 /* XCRemoteSwiftPackageReference "firebase-ios-sdk" */;
			productName = FirebaseFirestore;
		};
		E65697A030632AFB00FF6478 /* FirebaseFunctions */ = {
			isa = XCSwiftPackageProductDependency;
			package = E656979730632AFB00FF6478 /* XCRemoteSwiftPackageReference "firebase-ios-sdk" */;
			productName = FirebaseFunctions;
		};
		E65697A230632AFB00FF6478 /* FirebaseMessaging */ = {
			isa = XCSwiftPackageProductDependency;
			package = E656979730632AFB00FF6478 /* XCRemoteSwiftPackageReference "firebase-ios-sdk" */;
			productName = FirebaseMessaging;
		};
		E65697A430632AFB00FF6478 /* FirebaseStorage */ = {
			isa = XCSwiftPackageProductDependency;
			package = E656979730632AFB00FF6478 /* XCRemoteSwiftPackageReference "firebase-ios-sdk" */;
			productName = FirebaseStorage;
		};
/* End XCSwiftPackageProductDependency section */
	};
	rootObject = E6569681306315FE00FF6478 /* Project object */;
	validationLevel = 1;
}
